github.com/gographics/imagick v3.2.0+incompatible h1:KeoHcmV7bVRKnj6tXTIcEGnyDg8kO0vPNUTC/5HzwOI=
github.com/gographics/imagick v3.2.0+incompatible/go.mod h1:gk55mrttmUSR+Vt6dxnxuD7EKU/3e5Ehe8HRGVCI8mw=
gopkg.in/gographics/imagick.v3 v3.4.2 h1:vk6oildvhRBVSBfQ4X3raJstApYSeK6CZsyzoSOZk58=
gopkg.in/gographics/imagick.v3 v3.4.2/go.mod h1:+Q9nyA2xRZXrDyTtJ/eko+8V/5E7bWYs08ndkZp8UmA=
